// !$*UTF8*$!
{
	archiveVersion = 1;
	classes = {
	};
	objectVersion = 56;
	objects = {

/* Begin PBXBuildFile section */
		87DC47AC2A5C7830007823CB /* AppDelegate.swift in Sources */ = {isa = PBXBuildFile; fileRef = 87DC47AB2A5C7830007823CB /* AppDelegate.swift */; };
		87DC47AE2A5C7830007823CB /* SceneDelegate.swift in Sources */ = {isa = PBXBuildFile; fileRef = 87DC47AD2A5C7830007823CB /* SceneDelegate.swift */; };
		87DC47B02A5C7830007823CB /* HomeViewController.swift in Sources */ = {isa = PBXBuildFile; fileRef = 87DC47AF2A5C7830007823CB /* HomeViewController.swift */; };
		87DC47B52A5C7833007823CB /* Assets.xcassets in Resources */ = {isa = PBXBuildFile; fileRef = 87DC47B42A5C7833007823CB /* Assets.xcassets */; };
		87DC47B82A5C7833007823CB /* LaunchScreen.storyboard in Resources */ = {isa = PBXBuildFile; fileRef = 87DC47B62A5C7833007823CB /* LaunchScreen.storyboard */; };
		87DC47CA2A5CA691007823CB /* PokerViewController.swift in Sources */ = {isa = PBXBuildFile; fileRef = 87DC47C92A5CA691007823CB /* PokerViewController.swift */; };
		87DC47CD2A5CAAD9007823CB /* SocketIO in Frameworks */ = {isa = PBXBuildFile; productRef = 87DC47CC2A5CAAD9007823CB /* SocketIO */; };
		87DC47D02A5CAAEE007823CB /* SnapKit in Frameworks */ = {isa = PBXBuildFile; productRef = 87DC47CF2A5CAAEE007823CB /* SnapKit */; };
		87DC47DE2A5CACDE007823CB /* RxBlocking in Frameworks */ = {isa = PBXBuildFile; productRef = 87DC47DD2A5CACDE007823CB /* RxBlocking */; };
		87DC47E02A5CACDE007823CB /* RxCocoa in Frameworks */ = {isa = PBXBuildFile; productRef = 87DC47DF2A5CACDE007823CB /* RxCocoa */; };
		87DC47E22A5CACDE007823CB /* RxRelay in Frameworks */ = {isa = PBXBuildFile; productRef = 87DC47E12A5CACDE007823CB /* RxRelay */; };
		87DC47E42A5CACDE007823CB /* RxSwift in Frameworks */ = {isa = PBXBuildFile; productRef = 87DC47E32A5CACDE007823CB /* RxSwift */; };
		87DC47E72A6425CE007823CB /* TabBarController.swift in Sources */ = {isa = PBXBuildFile; fileRef = 87DC47E62A6425CD007823CB /* TabBarController.swift */; };
		87DC47EB2A642925007823CB /* HomeViewModel.swift in Sources */ = {isa = PBXBuildFile; fileRef = 87DC47EA2A642925007823CB /* HomeViewModel.swift */; };
		87DC47ED2A64292C007823CB /* PokerViewModel.swift in Sources */ = {isa = PBXBuildFile; fileRef = 87DC47EC2A64292C007823CB /* PokerViewModel.swift */; };
/* End PBXBuildFile section */

/* Begin PBXFileReference section */
		87DC47A82A5C7830007823CB /* IndianPoker.app */ = {isa = PBXFileReference; explicitFileType = wrapper.application; includeInIndex = 0; path = IndianPoker.app; sourceTree = BUILT_PRODUCTS_DIR; };
		87DC47AB2A5C7830007823CB /* AppDelegate.swift */ = {isa = PBXFileReference; lastKnownFileType = sourcecode.swift; path = AppDelegate.swift; sourceTree = "<group>"; };
		87DC47AD2A5C7830007823CB /* SceneDelegate.swift */ = {isa = PBXFileReference; lastKnownFileType = sourcecode.swift; path = SceneDelegate.swift; sourceTree = "<group>"; };
		87DC47AF2A5C7830007823CB /* HomeViewController.swift */ = {isa = PBXFileReference; lastKnownFileType = sourcecode.swift; path = HomeViewController.swift; sourceTree = "<group>"; };
		87DC47B42A5C7833007823CB /* Assets.xcassets */ = {isa = PBXFileReference; lastKnownFileType = folder.assetcatalog; path = Assets.xcassets; sourceTree = "<group>"; };
		87DC47B72A5C7833007823CB /* Base */ = {isa = PBXFileReference; lastKnownFileType = file.storyboard; name = Base; path = Base.lproj/LaunchScreen.storyboard; sourceTree = "<group>"; };
		87DC47B92A5C7833007823CB /* Info.plist */ = {isa = PBXFileReference; lastKnownFileType = text.plist.xml; path = Info.plist; sourceTree = "<group>"; };
		87DC47C92A5CA691007823CB /* PokerViewController.swift */ = {isa = PBXFileReference; lastKnownFileType = sourcecode.swift; path = PokerViewController.swift; sourceTree = "<group>"; };
		87DC47E62A6425CD007823CB /* TabBarController.swift */ = {isa = PBXFileReference; lastKnownFileType = sourcecode.swift; path = TabBarController.swift; sourceTree = "<group>"; };
		87DC47EA2A642925007823CB /* HomeViewModel.swift */ = {isa = PBXFileReference; lastKnownFileType = sourcecode.swift; path = HomeViewModel.swift; sourceTree = "<group>"; };
		87DC47EC2A64292C007823CB /* PokerViewModel.swift */ = {isa = PBXFileReference; lastKnownFileType = sourcecode.swift; path = PokerViewModel.swift; sourceTree = "<group>"; };
/* End PBXFileReference section */

/* Begin PBXFrameworksBuildPhase section */
		87DC47A52A5C7830007823CB /* Frameworks */ = {
			isa = PBXFrameworksBuildPhase;
			buildActionMask = 2147483647;
			files = (
				87DC47E42A5CACDE007823CB /* RxSwift in Frameworks */,
				87DC47E22A5CACDE007823CB /* RxRelay in Frameworks */,
				87DC47CD2A5CAAD9007823CB /* SocketIO in Frameworks */,
				87DC47DE2A5CACDE007823CB /* RxBlocking in Frameworks */,
				87DC47E02A5CACDE007823CB /* RxCocoa in Frameworks */,
				87DC47D02A5CAAEE007823CB /* SnapKit in Frameworks */,
			);
			runOnlyForDeploymentPostprocessing = 0;
		};
/* End PBXFrameworksBuildPhase section */

/* Begin PBXGroup section */
		87DC479F2A5C7830007823CB = {
			isa = PBXGroup;
			children = (
				87DC47AA2A5C7830007823CB /* IndianPoker */,
				87DC47A92A5C7830007823CB /* Products */,
			);
			sourceTree = "<group>";
		};
		87DC47A92A5C7830007823CB /* Products */ = {
			isa = PBXGroup;
			children = (
				87DC47A82A5C7830007823CB /* IndianPoker.app */,
			);
			name = Products;
			sourceTree = "<group>";
		};
		87DC47AA2A5C7830007823CB /* IndianPoker */ = {
			isa = PBXGroup;
			children = (
				87DC47BF2A5C8019007823CB /* Application */,
				87DC47C42A5CA551007823CB /* Resource */,
				87DC47C32A5CA458007823CB /* Data */,
				87DC47C12A5CA317007823CB /* Presentation */,
			);
			path = IndianPoker;
			sourceTree = "<group>";
		};
		87DC47BF2A5C8019007823CB /* Application */ = {
			isa = PBXGroup;
			children = (
				87DC47AB2A5C7830007823CB /* AppDelegate.swift */,
				87DC47AD2A5C7830007823CB /* SceneDelegate.swift */,
				87DC47B62A5C7833007823CB /* LaunchScreen.storyboard */,
				87DC47B92A5C7833007823CB /* Info.plist */,
			);
			path = Application;
			sourceTree = "<group>";
		};
		87DC47C12A5CA317007823CB /* Presentation */ = {
			isa = PBXGroup;
			children = (
				87DC47E52A6424F1007823CB /* Common */,
				87DC47C72A5CA637007823CB /* HomeScene */,
				87DC47C82A5CA640007823CB /* PokerScene */,
			);
			path = Presentation;
			sourceTree = "<group>";
		};
		87DC47C32A5CA458007823CB /* Data */ = {
			isa = PBXGroup;
			children = (
				87DC47EE2A642936007823CB /* Repository */,
			);
			path = Data;
			sourceTree = "<group>";
		};
		87DC47C42A5CA551007823CB /* Resource */ = {
			isa = PBXGroup;
			children = (
				87DC47B42A5C7833007823CB /* Assets.xcassets */,
			);
			path = Resource;
			sourceTree = "<group>";
		};
		87DC47C72A5CA637007823CB /* HomeScene */ = {
			isa = PBXGroup;
			children = (
				87DC47AF2A5C7830007823CB /* HomeViewController.swift */,
				87DC47EA2A642925007823CB /* HomeViewModel.swift */,
			);
			path = HomeScene;
			sourceTree = "<group>";
		};
		87DC47C82A5CA640007823CB /* PokerScene */ = {
			isa = PBXGroup;
			children = (
				87DC47C92A5CA691007823CB /* PokerViewController.swift */,
				87DC47EC2A64292C007823CB /* PokerViewModel.swift */,
			);
			path = PokerScene;
			sourceTree = "<group>";
		};
		87DC47E52A6424F1007823CB /* Common */ = {
			isa = PBXGroup;
			children = (
				87DC47E62A6425CD007823CB /* TabBarController.swift */,
			);
			path = Common;
			sourceTree = "<group>";
		};
		87DC47EE2A642936007823CB /* Repository */ = {
			isa = PBXGroup;
			children = (
			);
			path = Repository;
			sourceTree = "<group>";
		};
/* End PBXGroup section */

/* Begin PBXNativeTarget section */
		87DC47A72A5C7830007823CB /* IndianPoker */ = {
			isa = PBXNativeTarget;
			buildConfigurationList = 87DC47BC2A5C7833007823CB /* Build configuration list for PBXNativeTarget "IndianPoker" */;
			buildPhases = (
				87DC47A42A5C7830007823CB /* Sources */,
				87DC47A52A5C7830007823CB /* Frameworks */,
				87DC47A62A5C7830007823CB /* Resources */,
			);
			buildRules = (
			);
			dependencies = (
			);
			name = IndianPoker;
			packageProductDependencies = (
				87DC47CC2A5CAAD9007823CB /* SocketIO */,
				87DC47CF2A5CAAEE007823CB /* SnapKit */,
				87DC47DD2A5CACDE007823CB /* RxBlocking */,
				87DC47DF2A5CACDE007823CB /* RxCocoa */,
				87DC47E12A5CACDE007823CB /* RxRelay */,
				87DC47E32A5CACDE007823CB /* RxSwift */,
			);
			productName = IndianPocker;
			productReference = 87DC47A82A5C7830007823CB /* IndianPoker.app */;
			productType = "com.apple.product-type.application";
		};
/* End PBXNativeTarget section */

/* Begin PBXProject section */
		87DC47A02A5C7830007823CB /* Project object */ = {
			isa = PBXProject;
			attributes = {
				BuildIndependentTargetsInParallel = 1;
				LastSwiftUpdateCheck = 1430;
				LastUpgradeCheck = 1430;
				TargetAttributes = {
					87DC47A72A5C7830007823CB = {
						CreatedOnToolsVersion = 14.3.1;
					};
				};
			};
			buildConfigurationList = 87DC47A32A5C7830007823CB /* Build configuration list for PBXProject "IndianPoker" */;
			compatibilityVersion = "Xcode 14.0";
			developmentRegion = en;
			hasScannedForEncodings = 0;
			knownRegions = (
				en,
				Base,
			);
			mainGroup = 87DC479F2A5C7830007823CB;
			packageReferences = (
				87DC47CB2A5CAAD9007823CB /* XCRemoteSwiftPackageReference "socket.io-client-swift" */,
				87DC47CE2A5CAAEE007823CB /* XCRemoteSwiftPackageReference "SnapKit" */,
				87DC47DC2A5CACDE007823CB /* XCRemoteSwiftPackageReference "RxSwift" */,
			);
			productRefGroup = 87DC47A92A5C7830007823CB /* Products */;
			projectDirPath = "";
			projectRoot = "";
			targets = (
				87DC47A72A5C7830007823CB /* IndianPoker */,
			);
		};
/* End PBXProject section */

/* Begin PBXResourcesBuildPhase section */
		87DC47A62A5C7830007823CB /* Resources */ = {
			isa = PBXResourcesBuildPhase;
			buildActionMask = 2147483647;
			files = (
				87DC47B82A5C7833007823CB /* LaunchScreen.storyboard in Resources */,
				87DC47B52A5C7833007823CB /* Assets.xcassets in Resources */,
			);
			runOnlyForDeploymentPostprocessing = 0;
		};
/* End PBXResourcesBuildPhase section */

/* Begin PBXSourcesBuildPhase section */
		87DC47A42A5C7830007823CB /* Sources */ = {
			isa = PBXSourcesBuildPhase;
			buildActionMask = 2147483647;
			files = (
				87DC47CA2A5CA691007823CB /* PokerViewController.swift in Sources */,
				87DC47EB2A642925007823CB /* HomeViewModel.swift in Sources */,
				87DC47B02A5C7830007823CB /* HomeViewController.swift in Sources */,
				87DC47ED2A64292C007823CB /* PokerViewModel.swift in Sources */,
				87DC47AC2A5C7830007823CB /* AppDelegate.swift in Sources */,
				87DC47E72A6425CE007823CB /* TabBarController.swift in Sources */,
				87DC47AE2A5C7830007823CB /* SceneDelegate.swift in Sources */,
			);
			runOnlyForDeploymentPostprocessing = 0;
		};
/* End PBXSourcesBuildPhase section */

/* Begin PBXVariantGroup section */
		87DC47B62A5C7833007823CB /* LaunchScreen.storyboard */ = {
			isa = PBXVariantGroup;
			children = (
				87DC47B72A5C7833007823CB /* Base */,
			);
			name = LaunchScreen.storyboard;
			sourceTree = "<group>";
		};
/* End PBXVariantGroup section */

/* Begin XCBuildConfiguration section */
		87DC47BA2A5C7833007823CB /* Debug */ = {
			isa = XCBuildConfiguration;
			buildSettings = {
				ALWAYS_SEARCH_USER_PATHS = NO;
				CLANG_ANALYZER_NONNULL = YES;
				CLANG_ANALYZER_NUMBER_OBJECT_CONVERSION = YES_AGGRESSIVE;
				CLANG_CXX_LANGUAGE_STANDARD = "gnu++20";
				CLANG_ENABLE_MODULES = YES;
				CLANG_ENABLE_OBJC_ARC = YES;
				CLANG_ENABLE_OBJC_WEAK = YES;
				CLANG_WARN_BLOCK_CAPTURE_AUTORELEASING = YES;
				CLANG_WARN_BOOL_CONVERSION = YES;
				CLANG_WARN_COMMA = YES;
				CLANG_WARN_CONSTANT_CONVERSION = YES;
				CLANG_WARN_DEPRECATED_OBJC_IMPLEMENTATIONS = YES;
				CLANG_WARN_DIRECT_OBJC_ISA_USAGE = YES_ERROR;
				CLANG_WARN_DOCUMENTATION_COMMENTS = YES;
				CLANG_WARN_EMPTY_BODY = YES;
				CLANG_WARN_ENUM_CONVERSION = YES;
				CLANG_WARN_INFINITE_RECURSION = YES;
				CLANG_WARN_INT_CONVERSION = YES;
				CLANG_WARN_NON_LITERAL_NULL_CONVERSION = YES;
				CLANG_WARN_OBJC_IMPLICIT_RETAIN_SELF = YES;
				CLANG_WARN_OBJC_LITERAL_CONVERSION = YES;
				CLANG_WARN_OBJC_ROOT_CLASS = YES_ERROR;
				CLANG_WARN_QUOTED_INCLUDE_IN_FRAMEWORK_HEADER = YES;
				CLANG_WARN_RANGE_LOOP_ANALYSIS = YES;
				CLANG_WARN_STRICT_PROTOTYPES = YES;
				CLANG_WARN_SUSPICIOUS_MOVE = YES;
				CLANG_WARN_UNGUARDED_AVAILABILITY = YES_AGGRESSIVE;
				CLANG_WARN_UNREACHABLE_CODE = YES;
				CLANG_WARN__DUPLICATE_METHOD_MATCH = YES;
				COPY_PHASE_STRIP = NO;
				DEBUG_INFORMATION_FORMAT = dwarf;
				ENABLE_STRICT_OBJC_MSGSEND = YES;
				ENABLE_TESTABILITY = YES;
				GCC_C_LANGUAGE_STANDARD = gnu11;
				GCC_DYNAMIC_NO_PIC = NO;
				GCC_NO_COMMON_BLOCKS = YES;
				GCC_OPTIMIZATION_LEVEL = 0;
				GCC_PREPROCESSOR_DEFINITIONS = (
					"DEBUG=1",
					"$(inherited)",
				);
				GCC_WARN_64_TO_32_BIT_CONVERSION = YES;
				GCC_WARN_ABOUT_RETURN_TYPE = YES_ERROR;
				GCC_WARN_UNDECLARED_SELECTOR = YES;
				GCC_WARN_UNINITIALIZED_AUTOS = YES_AGGRESSIVE;
				GCC_WARN_UNUSED_FUNCTION = YES;
				GCC_WARN_UNUSED_VARIABLE = YES;
				IPHONEOS_DEPLOYMENT_TARGET = 16.4;
				MTL_ENABLE_DEBUG_INFO = INCLUDE_SOURCE;
				MTL_FAST_MATH = YES;
				ONLY_ACTIVE_ARCH = YES;
				SDKROOT = iphoneos;
				SWIFT_ACTIVE_COMPILATION_CONDITIONS = DEBUG;
				SWIFT_OPTIMIZATION_LEVEL = "-Onone";
			};
			name = Debug;
		};
		87DC47BB2A5C7833007823CB /* Release */ = {
			isa = XCBuildConfiguration;
			buildSettings = {
				ALWAYS_SEARCH_USER_PATHS = NO;
				CLANG_ANALYZER_NONNULL = YES;
				CLANG_ANALYZER_NUMBER_OBJECT_CONVERSION = YES_AGGRESSIVE;
				CLANG_CXX_LANGUAGE_STANDARD = "gnu++20";
				CLANG_ENABLE_MODULES = YES;
				CLANG_ENABLE_OBJC_ARC = YES;
				CLANG_ENABLE_OBJC_WEAK = YES;
				CLANG_WARN_BLOCK_CAPTURE_AUTORELEASING = YES;
				CLANG_WARN_BOOL_CONVERSION = YES;
				CLANG_WARN_COMMA = YES;
				CLANG_WARN_CONSTANT_CONVERSION = YES;
				CLANG_WARN_DEPRECATED_OBJC_IMPLEMENTATIONS = YES;
				CLANG_WARN_DIRECT_OBJC_ISA_USAGE = YES_ERROR;
				CLANG_WARN_DOCUMENTATION_COMMENTS = YES;
				CLANG_WARN_EMPTY_BODY = YES;
				CLANG_WARN_ENUM_CONVERSION = YES;
				CLANG_WARN_INFINITE_RECURSION = YES;
				CLANG_WARN_INT_CONVERSION = YES;
				CLANG_WARN_NON_LITERAL_NULL_CONVERSION = YES;
				CLANG_WARN_OBJC_IMPLICIT_RETAIN_SELF = YES;
				CLANG_WARN_OBJC_LITERAL_CONVERSION = YES;
				CLANG_WARN_OBJC_ROOT_CLASS = YES_ERROR;
				CLANG_WARN_QUOTED_INCLUDE_IN_FRAMEWORK_HEADER = YES;
				CLANG_WARN_RANGE_LOOP_ANALYSIS = YES;
				CLANG_WARN_STRICT_PROTOTYPES = YES;
				CLANG_WARN_SUSPICIOUS_MOVE = YES;
				CLANG_WARN_UNGUARDED_AVAILABILITY = YES_AGGRESSIVE;
				CLANG_WARN_UNREACHABLE_CODE = YES;
				CLANG_WARN__DUPLICATE_METHOD_MATCH = YES;
				COPY_PHASE_STRIP = NO;
				DEBUG_INFORMATION_FORMAT = "dwarf-with-dsym";
				ENABLE_NS_ASSERTIONS = NO;
				ENABLE_STRICT_OBJC_MSGSEND = YES;
				GCC_C_LANGUAGE_STANDARD = gnu11;
				GCC_NO_COMMON_BLOCKS = YES;
				GCC_WARN_64_TO_32_BIT_CONVERSION = YES;
				GCC_WARN_ABOUT_RETURN_TYPE = YES_ERROR;
				GCC_WARN_UNDECLARED_SELECTOR = YES;
				GCC_WARN_UNINITIALIZED_AUTOS = YES_AGGRESSIVE;
				GCC_WARN_UNUSED_FUNCTION = YES;
				GCC_WARN_UNUSED_VARIABLE = YES;
				IPHONEOS_DEPLOYMENT_TARGET = 16.4;
				MTL_ENABLE_DEBUG_INFO = NO;
				MTL_FAST_MATH = YES;
				SDKROOT = iphoneos;
				SWIFT_COMPILATION_MODE = wholemodule;
				SWIFT_OPTIMIZATION_LEVEL = "-O";
				VALIDATE_PRODUCT = YES;
			};
			name = Release;
		};
		87DC47BD2A5C7833007823CB /* Debug */ = {
			isa = XCBuildConfiguration;
			buildSettings = {
				ASSETCATALOG_COMPILER_APPICON_NAME = AppIcon;
				ASSETCATALOG_COMPILER_GLOBAL_ACCENT_COLOR_NAME = AccentColor;
				CODE_SIGN_STYLE = Automatic;
				CURRENT_PROJECT_VERSION = 1;
				DEVELOPMENT_TEAM = T6DNHAHXG9;
				GENERATE_INFOPLIST_FILE = YES;
				INFOPLIST_FILE = IndianPoker/Application/Info.plist;
				INFOPLIST_KEY_UIApplicationSupportsIndirectInputEvents = YES;
				INFOPLIST_KEY_UILaunchStoryboardName = LaunchScreen;
				INFOPLIST_KEY_UISupportedInterfaceOrientations = UIInterfaceOrientationPortrait;
				INFOPLIST_KEY_UISupportedInterfaceOrientations_iPad = "UIInterfaceOrientationLandscapeLeft UIInterfaceOrientationLandscapeRight UIInterfaceOrientationPortrait UIInterfaceOrientationPortraitUpsideDown";
				IPHONEOS_DEPLOYMENT_TARGET = 15.0;
				LD_RUNPATH_SEARCH_PATHS = (
					"$(inherited)",
					"@executable_path/Frameworks",
				);
				MARKETING_VERSION = 1.0;
				PRODUCT_BUNDLE_IDENTIFIER = com.meltsplit.IndianPoker;
				PRODUCT_NAME = "$(TARGET_NAME)";
				SWIFT_EMIT_LOC_STRINGS = YES;
				SWIFT_VERSION = 5.0;
				TARGETED_DEVICE_FAMILY = "1,2";
			};
			name = Debug;
		};
		87DC47BE2A5C7833007823CB /* Release */ = {
			isa = XCBuildConfiguration;
			buildSettings = {
				ASSETCATALOG_COMPILER_APPICON_NAME = AppIcon;
				ASSETCATALOG_COMPILER_GLOBAL_ACCENT_COLOR_NAME = AccentColor;
				CODE_SIGN_STYLE = Automatic;
				CURRENT_PROJECT_VERSION = 1;
				DEVELOPMENT_TEAM = T6DNHAHXG9;
				GENERATE_INFOPLIST_FILE = YES;
				INFOPLIST_FILE = IndianPoker/Application/Info.plist;
				INFOPLIST_KEY_UIApplicationSupportsIndirectInputEvents = YES;
				INFOPLIST_KEY_UILaunchStoryboardName = LaunchScreen;
				INFOPLIST_KEY_UISupportedInterfaceOrientations = UIInterfaceOrientationPortrait;
				INFOPLIST_KEY_UISupportedInterfaceOrientations_iPad = "UIInterfaceOrientationLandscapeLeft UIInterfaceOrientationLandscapeRight UIInterfaceOrientationPortrait UIInterfaceOrientationPortraitUpsideDown";
				IPHONEOS_DEPLOYMENT_TARGET = 15.0;
				LD_RUNPATH_SEARCH_PATHS = (
					"$(inherited)",
					"@executable_path/Frameworks",
				);
				MARKETING_VERSION = 1.0;
				PRODUCT_BUNDLE_IDENTIFIER = com.meltsplit.IndianPoker;
				PRODUCT_NAME = "$(TARGET_NAME)";
				SWIFT_EMIT_LOC_STRINGS = YES;
				SWIFT_VERSION = 5.0;
				TARGETED_DEVICE_FAMILY = "1,2";
			};
			name = Release;
		};
/* End XCBuildConfiguration section */

/* Begin XCConfigurationList section */
		87DC47A32A5C7830007823CB /* Build configuration list for PBXProject "IndianPoker" */ = {
			isa = XCConfigurationList;
			buildConfigurations = (
				87DC47BA2A5C7833007823CB /* Debug */,
				87DC47BB2A5C7833007823CB /* Release */,
			);
			defaultConfigurationIsVisible = 0;
			defaultConfigurationName = Release;
		};
		87DC47BC2A5C7833007823CB /* Build configuration list for PBXNativeTarget "IndianPoker" */ = {
			isa = XCConfigurationList;
			buildConfigurations = (
				87DC47BD2A5C7833007823CB /* Debug */,
				87DC47BE2A5C7833007823CB /* Release */,
			);
			defaultConfigurationIsVisible = 0;
			defaultConfigurationName = Release;
		};
/* End XCConfigurationList section */

/* Begin XCRemoteSwiftPackageReference section */
		87DC47CB2A5CAAD9007823CB /* XCRemoteSwiftPackageReference "socket.io-client-swift" */ = {
			isa = XCRemoteSwiftPackageReference;
			repositoryURL = "https://github.com/socketio/socket.io-client-swift.git";
			requirement = {
				branch = master;
				kind = branch;
			};
		};
		87DC47CE2A5CAAEE007823CB /* XCRemoteSwiftPackageReference "SnapKit" */ = {
			isa = XCRemoteSwiftPackageReference;
			repositoryURL = "https://github.com/SnapKit/SnapKit";
			requirement = {
				kind = upToNextMajorVersion;
				minimumVersion = 5.0.0;
			};
		};
		87DC47DC2A5CACDE007823CB /* XCRemoteSwiftPackageReference "RxSwift" */ = {
			isa = XCRemoteSwiftPackageReference;
			repositoryURL = "https://github.com/ReactiveX/RxSwift.git";
			requirement = {
				kind = upToNextMajorVersion;
				minimumVersion = 6.0.0;
			};
		};
/* End XCRemoteSwiftPackageReference section */

/* Begin XCSwiftPackageProductDependency section */
		87DC47CC2A5CAAD9007823CB /* SocketIO */ = {
			isa = XCSwiftPackageProductDependency;
			package = 87DC47CB2A5CAAD9007823CB /* XCRemoteSwiftPackageReference "socket.io-client-swift" */;
			productName = SocketIO;
		};
		87DC47CF2A5CAAEE007823CB /* SnapKit */ = {
			isa = XCSwiftPackageProductDependency;
			package = 87DC47CE2A5CAAEE007823CB /* XCRemoteSwiftPackageReference "SnapKit" */;
			productName = SnapKit;
		};
		87DC47DD2A5CACDE007823CB /* RxBlocking */ = {
			isa = XCSwiftPackageProductDependency;
			package = 87DC47DC2A5CACDE007823CB /* XCRemoteSwiftPackageReference "RxSwift" */;
			productName = RxBlocking;
		};
		87DC47DF2A5CACDE007823CB /* RxCocoa */ = {
			isa = XCSwiftPackageProductDependency;
			package = 87DC47DC2A5CACDE007823CB /* XCRemoteSwiftPackageReference "RxSwift" */;
			productName = RxCocoa;
		};
		87DC47E12A5CACDE007823CB /* RxRelay */ = {
			isa = XCSwiftPackageProductDependency;
			package = 87DC47DC2A5CACDE007823CB /* XCRemoteSwiftPackageReference "RxSwift" */;
			productName = RxRelay;
		};
		87DC47E32A5CACDE007823CB /* RxSwift */ = {
			isa = XCSwiftPackageProductDependency;
			package = 87DC47DC2A5CACDE007823CB /* XCRemoteSwiftPackageReference "RxSwift" */;
			productName = RxSwift;
		};
/* End XCSwiftPackageProductDependency section */
	};
	rootObject = 87DC47A02A5C7830007823CB /* Project object */;
}
